
Microsoft Visual Studio Solution File, Format Version 12.00
# Visual Studio Version 17
VisualStudioVersion = 17.8.34330.188
MinimumVisualStudioVersion = 10.0.40219.1
Project("{FAE04EC0-301F-11D3-BF4B-00C04F79EFBC}") = "EducationalSystem", "EducationalSystem\EducationalSystem.csproj", "{1ACA1B46-1759-4658-ADC1-A7D538087DBE}"
EndProject
Global
	GlobalSection(SolutionConfigurationPlatforms) = preSolution
		Debug|Any CPU = Debug|Any CPU
		Release|Any CPU = Release|Any CPU
	EndGlobalSection
	GlobalSection(ProjectConfigurationPlatforms) = postSolution
		{1ACA1B46-1759-4658-ADC1-A7D538087DBE}.Debug|Any CPU.ActiveCfg = Debug|Any CPU
		{1ACA1B46-1759-4658-ADC1-A7D538087DBE}.Debug|Any CPU.Build.0 = Debug|Any CPU
		{1ACA1B46-1759-4658-ADC1-A7D538087DBE}.Release|Any CPU.ActiveCfg = Release|Any CPU
		{1ACA1B46-1759-4658-ADC1-A7D538087DBE}.Release|Any CPU.Build.0 = Release|Any CPU
	EndGlobalSection
	GlobalSection(SolutionProperties) = preSolution
		HideSolutionNode = FALSE
	EndGlobalSection
	GlobalSection(ExtensibilityGlobals) = postSolution
		SolutionGuid = {3F88719D-4BD3-4E3C-9F69-E92EDD73DF7B}
	EndGlobalSection
EndGlobal
